
Microsoft Visual Studio Solution File, Format Version 12.00
# Visual Studio 15
VisualStudioVersion = 15.0.27004.2008
MinimumVisualStudioVersion = 10.0.40219.1
Project("{FAE04EC0-301F-11D3-BF4B-00C04F79EFBC}") = "WpfApp1", "WpfApp1\WpfApp1.csproj", "{535288FA-7853-44A4-B2FB-881D77F879BD}"
EndProject
Global
	GlobalSection(SolutionConfigurationPlatforms) = preSolution
		Debug|Any CPU = Debug|Any CPU
		Release|Any CPU = Release|Any CPU
	EndGlobalSection
	GlobalSection(ProjectConfigurationPlatforms) = postSolution
		{535288FA-7853-44A4-B2FB-881D77F879BD}.Debug|Any CPU.ActiveCfg = Debug|Any CPU
		{535288FA-7853-44A4-B2FB-881D77F879BD}.Debug|Any CPU.Build.0 = Debug|Any CPU
		{535288FA-7853-44A4-B2FB-881D77F879BD}.Release|Any CPU.ActiveCfg = Release|Any CPU
		{535288FA-7853-44A4-B2FB-881D77F879BD}.Release|Any CPU.Build.0 = Release|Any CPU
	EndGlobalSection
	GlobalSection(SolutionProperties) = preSolution
		HideSolutionNode = FALSE
	EndGlobalSection
	GlobalSection(ExtensibilityGlobals) = postSolution
		SolutionGuid = {739B8BC8-6E59-45F6-BD79-F51976D8352F}
	EndGlobalSection
EndGlobal
